
Microsoft Visual Studio Solution File, Format Version 12.00
# Visual Studio Version 17
VisualStudioVersion = 17.11.35327.3
MinimumVisualStudioVersion = 10.0.40219.1
Project("{2150E333-8FDC-42A3-9474-1A3956D46DE8}") = "Src", "Src", "{C34B0CEE-8C00-4210-9CC2-A3FDEBAB989A}"
EndProject
Project("{2150E333-8FDC-42A3-9474-1A3956D46DE8}") = "IdentityService", "IdentityService", "{3B9E7FCE-EB80-451F-A645-9C3ADB75D5DE}"
EndProject
Project("{2150E333-8FDC-42A3-9474-1A3956D46DE8}") = "UserProfileService", "UserProfileService", "{350174E0-6B92-4972-AE69-81ED387F1734}"
EndProject
Project("{9A19103F-16F7-4668-BE54-9A1E7A4F7556}") = "UserProfileService.Api", "src\UserProfileService\UserProfileService.Api\UserProfileService.Api.csproj", "{9DD8BD6E-4564-4095-84AA-035058D4D95C}"
EndProject
Project("{9A19103F-16F7-4668-BE54-9A1E7A4F7556}") = "UserProfileService.Domain", "src\UserProfileService\UserProfileService.Domain\UserProfileService.Domain.csproj", "{33374195-D25B-496F-BE87-1A4E46C9A8CB}"
EndProject
Project("{9A19103F-16F7-4668-BE54-9A1E7A4F7556}") = "UserProfileService.Application", "src\UserProfileService\UserProfileService.Application\UserProfileService.Application.csproj", "{BAAE9CE6-8093-419B-A574-3652C7075C6A}"
EndProject
Project("{9A19103F-16F7-4668-BE54-9A1E7A4F7556}") = "UserProfileService.Infrastructure", "src\UserProfileService\UserProfileService.Infrastructure\UserProfileService.Infrastructure.csproj", "{14009127-966C-488F-B01F-7BB817EA1787}"
EndProject
Project("{9A19103F-16F7-4668-BE54-9A1E7A4F7556}") = "InterviewReady.Messaging.Contracts", "InterviewReady.Messaging.Contracts\InterviewReady.Messaging.Contracts.csproj", "{47B386DA-2DB6-40F8-A1BA-6107593C1529}"
EndProject
Project("{9A19103F-16F7-4668-BE54-9A1E7A4F7556}") = "IdentityService.Infrastructure", "src\IdentityService\IdentityService.Infrastructure\IdentityService.Infrastructure.csproj", "{502CD002-C993-4088-8860-572476CD55AA}"
EndProject
Project("{9A19103F-16F7-4668-BE54-9A1E7A4F7556}") = "IdentiService.Application", "src\IdentityService\IdentiService.Application\IdentiService.Application.csproj", "{00F9C82E-33BC-4A67-9B10-81A0F872AB5D}"
EndProject
Project("{9A19103F-16F7-4668-BE54-9A1E7A4F7556}") = "IdentityService.Api", "src\IdentityService\IdentityService.Api\IdentityService.Api.csproj", "{46719BEA-4059-45FD-B75A-1456F39E2E14}"
EndProject
Project("{9A19103F-16F7-4668-BE54-9A1E7A4F7556}") = "IdentityService.Domain", "src\IdentityService\IdentityService.Domain\IdentityService.Domain.csproj", "{CEF9AD70-B0B7-440F-A27F-8FED7E927EEB}"
EndProject
Global
	GlobalSection(SolutionConfigurationPlatforms) = preSolution
		Debug|Any CPU = Debug|Any CPU
		Release|Any CPU = Release|Any CPU
	EndGlobalSection
	GlobalSection(ProjectConfigurationPlatforms) = postSolution
		{9DD8BD6E-4564-4095-84AA-035058D4D95C}.Debug|Any CPU.ActiveCfg = Debug|Any CPU
		{9DD8BD6E-4564-4095-84AA-035058D4D95C}.Debug|Any CPU.Build.0 = Debug|Any CPU
		{9DD8BD6E-4564-4095-84AA-035058D4D95C}.Release|Any CPU.ActiveCfg = Release|Any CPU
		{9DD8BD6E-4564-4095-84AA-035058D4D95C}.Release|Any CPU.Build.0 = Release|Any CPU
		{33374195-D25B-496F-BE87-1A4E46C9A8CB}.Debug|Any CPU.ActiveCfg = Debug|Any CPU
		{33374195-D25B-496F-BE87-1A4E46C9A8CB}.Debug|Any CPU.Build.0 = Debug|Any CPU
		{33374195-D25B-496F-BE87-1A4E46C9A8CB}.Release|Any CPU.ActiveCfg = Release|Any CPU
		{33374195-D25B-496F-BE87-1A4E46C9A8CB}.Release|Any CPU.Build.0 = Release|Any CPU
		{BAAE9CE6-8093-419B-A574-3652C7075C6A}.Debug|Any CPU.ActiveCfg = Debug|Any CPU
		{BAAE9CE6-8093-419B-A574-3652C7075C6A}.Debug|Any CPU.Build.0 = Debug|Any CPU
		{BAAE9CE6-8093-419B-A574-3652C7075C6A}.Release|Any CPU.ActiveCfg = Release|Any CPU
		{BAAE9CE6-8093-419B-A574-3652C7075C6A}.Release|Any CPU.Build.0 = Release|Any CPU
		{14009127-966C-488F-B01F-7BB817EA1787}.Debug|Any CPU.ActiveCfg = Debug|Any CPU
		{14009127-966C-488F-B01F-7BB817EA1787}.Debug|Any CPU.Build.0 = Debug|Any CPU
		{14009127-966C-488F-B01F-7BB817EA1787}.Release|Any CPU.ActiveCfg = Release|Any CPU
		{14009127-966C-488F-B01F-7BB817EA1787}.Release|Any CPU.Build.0 = Release|Any CPU
		{47B386DA-2DB6-40F8-A1BA-6107593C1529}.Debug|Any CPU.ActiveCfg = Debug|Any CPU
		{47B386DA-2DB6-40F8-A1BA-6107593C1529}.Debug|Any CPU.Build.0 = Debug|Any CPU
		{47B386DA-2DB6-40F8-A1BA-6107593C1529}.Release|Any CPU.ActiveCfg = Release|Any CPU
		{47B386DA-2DB6-40F8-A1BA-6107593C1529}.Release|Any CPU.Build.0 = Release|Any CPU
		{502CD002-C993-4088-8860-572476CD55AA}.Debug|Any CPU.ActiveCfg = Debug|Any CPU
		{502CD002-C993-4088-8860-572476CD55AA}.Debug|Any CPU.Build.0 = Debug|Any CPU
		{502CD002-C993-4088-8860-572476CD55AA}.Release|Any CPU.ActiveCfg = Release|Any CPU
		{502CD002-C993-4088-8860-572476CD55AA}.Release|Any CPU.Build.0 = Release|Any CPU
		{00F9C82E-33BC-4A67-9B10-81A0F872AB5D}.Debug|Any CPU.ActiveCfg = Debug|Any CPU
		{00F9C82E-33BC-4A67-9B10-81A0F872AB5D}.Debug|Any CPU.Build.0 = Debug|Any CPU
		{00F9C82E-33BC-4A67-9B10-81A0F872AB5D}.Release|Any CPU.ActiveCfg = Release|Any CPU
		{00F9C82E-33BC-4A67-9B10-81A0F872AB5D}.Release|Any CPU.Build.0 = Release|Any CPU
		{46719BEA-4059-45FD-B75A-1456F39E2E14}.Debug|Any CPU.ActiveCfg = Debug|Any CPU
		{46719BEA-4059-45FD-B75A-1456F39E2E14}.Debug|Any CPU.Build.0 = Debug|Any CPU
		{46719BEA-4059-45FD-B75A-1456F39E2E14}.Release|Any CPU.ActiveCfg = Release|Any CPU
		{46719BEA-4059-45FD-B75A-1456F39E2E14}.Release|Any CPU.Build.0 = Release|Any CPU
		{CEF9AD70-B0B7-440F-A27F-8FED7E927EEB}.Debug|Any CPU.ActiveCfg = Debug|Any CPU
		{CEF9AD70-B0B7-440F-A27F-8FED7E927EEB}.Debug|Any CPU.Build.0 = Debug|Any CPU
		{CEF9AD70-B0B7-440F-A27F-8FED7E927EEB}.Release|Any CPU.ActiveCfg = Release|Any CPU
		{CEF9AD70-B0B7-440F-A27F-8FED7E927EEB}.Release|Any CPU.Build.0 = Release|Any CPU
	EndGlobalSection
	GlobalSection(SolutionProperties) = preSolution
		HideSolutionNode = FALSE
	EndGlobalSection
	GlobalSection(NestedProjects) = preSolution
		{3B9E7FCE-EB80-451F-A645-9C3ADB75D5DE} = {C34B0CEE-8C00-4210-9CC2-A3FDEBAB989A}
		{350174E0-6B92-4972-AE69-81ED387F1734} = {C34B0CEE-8C00-4210-9CC2-A3FDEBAB989A}
		{9DD8BD6E-4564-4095-84AA-035058D4D95C} = {350174E0-6B92-4972-AE69-81ED387F1734}
		{33374195-D25B-496F-BE87-1A4E46C9A8CB} = {350174E0-6B92-4972-AE69-81ED387F1734}
		{BAAE9CE6-8093-419B-A574-3652C7075C6A} = {350174E0-6B92-4972-AE69-81ED387F1734}
		{14009127-966C-488F-B01F-7BB817EA1787} = {350174E0-6B92-4972-AE69-81ED387F1734}
		{47B386DA-2DB6-40F8-A1BA-6107593C1529} = {C34B0CEE-8C00-4210-9CC2-A3FDEBAB989A}
		{502CD002-C993-4088-8860-572476CD55AA} = {3B9E7FCE-EB80-451F-A645-9C3ADB75D5DE}
		{00F9C82E-33BC-4A67-9B10-81A0F872AB5D} = {3B9E7FCE-EB80-451F-A645-9C3ADB75D5DE}
		{46719BEA-4059-45FD-B75A-1456F39E2E14} = {3B9E7FCE-EB80-451F-A645-9C3ADB75D5DE}
		{CEF9AD70-B0B7-440F-A27F-8FED7E927EEB} = {3B9E7FCE-EB80-451F-A645-9C3ADB75D5DE}
	EndGlobalSection
	GlobalSection(ExtensibilityGlobals) = postSolution
		SolutionGuid = {FB375406-8117-4952-8A6A-2EA5C33BBCB7}
	EndGlobalSection
EndGlobal
